
Microsoft Visual Studio Solution File, Format Version 12.00
# Visual Studio Version 16
VisualStudioVersion = 16.0.30717.126
MinimumVisualStudioVersion = 10.0.40219.1
Project("{FAE04EC0-301F-11D3-BF4B-00C04F79EFBC}") = "ListOfBookss", "ListOfBookss\ListOfBookss.csproj", "{DEE6F9A4-E115-450B-AD5C-5565FAA38662}"
EndProject
Global
	GlobalSection(SolutionConfigurationPlatforms) = preSolution
		Debug|Any CPU = Debug|Any CPU
		Release|Any CPU = Release|Any CPU
	EndGlobalSection
	GlobalSection(ProjectConfigurationPlatforms) = postSolution
		{DEE6F9A4-E115-450B-AD5C-5565FAA38662}.Debug|Any CPU.ActiveCfg = Debug|Any CPU
		{DEE6F9A4-E115-450B-AD5C-5565FAA38662}.Debug|Any CPU.Build.0 = Debug|Any CPU
		{DEE6F9A4-E115-450B-AD5C-5565FAA38662}.Release|Any CPU.ActiveCfg = Release|Any CPU
		{DEE6F9A4-E115-450B-AD5C-5565FAA38662}.Release|Any CPU.Build.0 = Release|Any CPU
	EndGlobalSection
	GlobalSection(SolutionProperties) = preSolution
		HideSolutionNode = FALSE
	EndGlobalSection
	GlobalSection(ExtensibilityGlobals) = postSolution
		SolutionGuid = {A65AC95E-FF11-4DD9-A562-3F63A0697A1C}
	EndGlobalSection
EndGlobal
